github.com/lucas-o-ferreira/dog v0.0.0-20240719001959-0689b8358406 h1:4RFGeg0jpeegOdZA4Ul2Fws6Vw4XizzmcKI7FTWfblc=
github.com/lucas-o-ferreira/dog v0.0.0-20240719001959-0689b8358406/go.mod h1:vWh/oqmazV15Oan5dSr/bps5SIKSdkP0rD07aNbM09M=
github.com/lucas-o-ferreira/dog v0.0.0-20240719002316-2b193736e354 h1:qE6YlqkTMDHRty1ppLP22FXgbl1Ntis9+8TArxm3XAc=
github.com/lucas-o-ferreira/dog v0.0.0-20240719002316-2b193736e354/go.mod h1:vitGmZFs+luXv012t7h6j4Eu+KNc6O/oUe6UgrXV+oo=
